
Microsoft Visual Studio Solution File, Format Version 12.00
# Visual Studio Version 17
VisualStudioVersion = 17.3.32929.385
MinimumVisualStudioVersion = 10.0.40219.1
Project("{FAE04EC0-301F-11D3-BF4B-00C04F79EFBC}") = "AulaDeVetor", "AulaDeVetor\AulaDeVetor.csproj", "{4102F86F-E9B2-4B1C-B4E0-E7C6C0C8E3D6}"
EndProject
Global
	GlobalSection(SolutionConfigurationPlatforms) = preSolution
		Debug|Any CPU = Debug|Any CPU
		Release|Any CPU = Release|Any CPU
	EndGlobalSection
	GlobalSection(ProjectConfigurationPlatforms) = postSolution
		{4102F86F-E9B2-4B1C-B4E0-E7C6C0C8E3D6}.Debug|Any CPU.ActiveCfg = Debug|Any CPU
		{4102F86F-E9B2-4B1C-B4E0-E7C6C0C8E3D6}.Debug|Any CPU.Build.0 = Debug|Any CPU
		{4102F86F-E9B2-4B1C-B4E0-E7C6C0C8E3D6}.Release|Any CPU.ActiveCfg = Release|Any CPU
		{4102F86F-E9B2-4B1C-B4E0-E7C6C0C8E3D6}.Release|Any CPU.Build.0 = Release|Any CPU
	EndGlobalSection
	GlobalSection(SolutionProperties) = preSolution
		HideSolutionNode = FALSE
	EndGlobalSection
	GlobalSection(ExtensibilityGlobals) = postSolution
		SolutionGuid = {16056E3E-BC83-47E1-B904-607C32819662}
	EndGlobalSection
EndGlobal
